
Microsoft Visual Studio Solution File, Format Version 12.00
# Visual Studio Version 16
VisualStudioVersion = 16.0.30503.244
MinimumVisualStudioVersion = 10.0.40219.1
Project("{FAE04EC0-301F-11D3-BF4B-00C04F79EFBC}") = "FsmHost", "FsmHost\FsmHost.csproj", "{2570ABD2-187D-46C3-94DA-97DF20ABA484}"
EndProject
Global
	GlobalSection(SolutionConfigurationPlatforms) = preSolution
		Debug|Any CPU = Debug|Any CPU
		Release|Any CPU = Release|Any CPU
	EndGlobalSection
	GlobalSection(ProjectConfigurationPlatforms) = postSolution
		{2570ABD2-187D-46C3-94DA-97DF20ABA484}.Debug|Any CPU.ActiveCfg = Debug|Any CPU
		{2570ABD2-187D-46C3-94DA-97DF20ABA484}.Debug|Any CPU.Build.0 = Debug|Any CPU
		{2570ABD2-187D-46C3-94DA-97DF20ABA484}.Release|Any CPU.ActiveCfg = Release|Any CPU
		{2570ABD2-187D-46C3-94DA-97DF20ABA484}.Release|Any CPU.Build.0 = Release|Any CPU
	EndGlobalSection
	GlobalSection(SolutionProperties) = preSolution
		HideSolutionNode = FALSE
	EndGlobalSection
	GlobalSection(ExtensibilityGlobals) = postSolution
		SolutionGuid = {DF3E74B1-1823-4504-9CC1-08A76845A05A}
	EndGlobalSection
EndGlobal
